
Microsoft Visual Studio Solution File, Format Version 12.00
# Visual Studio 15
VisualStudioVersion = 15.0.26730.16
MinimumVisualStudioVersion = 10.0.40219.1
Project("{FAE04EC0-301F-11D3-BF4B-00C04F79EFBC}") = "VietnameseSpelling", "VietnameseSpelling\VietnameseSpelling.csproj", "{B79C51BC-F825-4F20-A682-B1C64AD15ED6}"
EndProject
Global
	GlobalSection(SolutionConfigurationPlatforms) = preSolution
		Debug|Any CPU = Debug|Any CPU
		Release|Any CPU = Release|Any CPU
	EndGlobalSection
	GlobalSection(ProjectConfigurationPlatforms) = postSolution
		{B79C51BC-F825-4F20-A682-B1C64AD15ED6}.Debug|Any CPU.ActiveCfg = Debug|Any CPU
		{B79C51BC-F825-4F20-A682-B1C64AD15ED6}.Debug|Any CPU.Build.0 = Debug|Any CPU
		{B79C51BC-F825-4F20-A682-B1C64AD15ED6}.Release|Any CPU.ActiveCfg = Release|Any CPU
		{B79C51BC-F825-4F20-A682-B1C64AD15ED6}.Release|Any CPU.Build.0 = Release|Any CPU
	EndGlobalSection
	GlobalSection(SolutionProperties) = preSolution
		HideSolutionNode = FALSE
	EndGlobalSection
	GlobalSection(ExtensibilityGlobals) = postSolution
		SolutionGuid = {BD12C9A7-FEEA-4322-8511-CC58D9364F30}
	EndGlobalSection
EndGlobal
